
Microsoft Visual Studio Solution File, Format Version 12.00
# Visual Studio Version 16
VisualStudioVersion = 16.0.31205.134
MinimumVisualStudioVersion = 10.0.40219.1
Project("{9A19103F-16F7-4668-BE54-9A1E7A4F7556}") = "RazorPagesEFContosoUniversity", "RazorPagesEFContosoUniversity.csproj", "{640B14BA-9F4D-4D96-BDCF-FA9639560792}"
EndProject
Global
	GlobalSection(SolutionConfigurationPlatforms) = preSolution
		Debug|Any CPU = Debug|Any CPU
		Release|Any CPU = Release|Any CPU
	EndGlobalSection
	GlobalSection(ProjectConfigurationPlatforms) = postSolution
		{640B14BA-9F4D-4D96-BDCF-FA9639560792}.Debug|Any CPU.ActiveCfg = Debug|Any CPU
		{640B14BA-9F4D-4D96-BDCF-FA9639560792}.Debug|Any CPU.Build.0 = Debug|Any CPU
		{640B14BA-9F4D-4D96-BDCF-FA9639560792}.Release|Any CPU.ActiveCfg = Release|Any CPU
		{640B14BA-9F4D-4D96-BDCF-FA9639560792}.Release|Any CPU.Build.0 = Release|Any CPU
	EndGlobalSection
	GlobalSection(SolutionProperties) = preSolution
		HideSolutionNode = FALSE
	EndGlobalSection
	GlobalSection(ExtensibilityGlobals) = postSolution
		SolutionGuid = {BCFA4241-9546-48C6-BB44-603AFDC41826}
	EndGlobalSection
EndGlobal
